// !$*UTF8*$!
{
	archiveVersion = 1;
	classes = {
	};
	objectVersion = 50;
	objects = {

/* Begin PBXBuildFile section */
		C14DEE0123F4FD96008204AA /* AppDelegate.swift in Sources */ = {isa = PBXBuildFile; fileRef = C14DEE0023F4FD96008204AA /* AppDelegate.swift */; };
		C14DEE0323F4FD96008204AA /* SceneDelegate.swift in Sources */ = {isa = PBXBuildFile; fileRef = C14DEE0223F4FD96008204AA /* SceneDelegate.swift */; };
		C14DEE0523F4FD96008204AA /* ViewController.swift in Sources */ = {isa = PBXBuildFile; fileRef = C14DEE0423F4FD96008204AA /* ViewController.swift */; };
		C14DEE0823F4FD96008204AA /* Main.storyboard in Resources */ = {isa = PBXBuildFile; fileRef = C14DEE0623F4FD96008204AA /* Main.storyboard */; };
		C14DEE0A23F4FD99008204AA /* Assets.xcassets in Resources */ = {isa = PBXBuildFile; fileRef = C14DEE0923F4FD99008204AA /* Assets.xcassets */; };
		C14DEE0D23F4FD99008204AA /* LaunchScreen.storyboard in Resources */ = {isa = PBXBuildFile; fileRef = C14DEE0B23F4FD99008204AA /* LaunchScreen.storyboard */; };
/* End PBXBuildFile section */

/* Begin PBXFileReference section */
		C14DEDFD23F4FD96008204AA /* WeatherRxSwiftProject.app */ = {isa = PBXFileReference; explicitFileType = wrapper.application; includeInIndex = 0; path = WeatherRxSwiftProject.app; sourceTree = BUILT_PRODUCTS_DIR; };
		C14DEE0023F4FD96008204AA /* AppDelegate.swift */ = {isa = PBXFileReference; lastKnownFileType = sourcecode.swift; path = AppDelegate.swift; sourceTree = "<group>"; };
		C14DEE0223F4FD96008204AA /* SceneDelegate.swift */ = {isa = PBXFileReference; lastKnownFileType = sourcecode.swift; path = SceneDelegate.swift; sourceTree = "<group>"; };
		C14DEE0423F4FD96008204AA /* ViewController.swift */ = {isa = PBXFileReference; lastKnownFileType = sourcecode.swift; path = ViewController.swift; sourceTree = "<group>"; };
		C14DEE0723F4FD96008204AA /* Base */ = {isa = PBXFileReference; lastKnownFileType = file.storyboard; name = Base; path = Base.lproj/Main.storyboard; sourceTree = "<group>"; };
		C14DEE0923F4FD99008204AA /* Assets.xcassets */ = {isa = PBXFileReference; lastKnownFileType = folder.assetcatalog; path = Assets.xcassets; sourceTree = "<group>"; };
		C14DEE0C23F4FD99008204AA /* Base */ = {isa = PBXFileReference; lastKnownFileType = file.storyboard; name = Base; path = Base.lproj/LaunchScreen.storyboard; sourceTree = "<group>"; };
		C14DEE0E23F4FD99008204AA /* Info.plist */ = {isa = PBXFileReference; lastKnownFileType = text.plist.xml; path = Info.plist; sourceTree = "<group>"; };
/* End PBXFileReference section */

/* Begin PBXFrameworksBuildPhase section */
		C14DEDFA23F4FD96008204AA /* Frameworks */ = {
			isa = PBXFrameworksBuildPhase;
			buildActionMask = 2147483647;
			files = (
			);
			runOnlyForDeploymentPostprocessing = 0;
		};
/* End PBXFrameworksBuildPhase section */

/* Begin PBXGroup section */
		C14DEDF423F4FD96008204AA = {
			isa = PBXGroup;
			children = (
				C14DEDFF23F4FD96008204AA /* WeatherRxSwiftProject */,
				C14DEDFE23F4FD96008204AA /* Products */,
			);
			sourceTree = "<group>";
		};
		C14DEDFE23F4FD96008204AA /* Products */ = {
			isa = PBXGroup;
			children = (
				C14DEDFD23F4FD96008204AA /* WeatherRxSwiftProject.app */,
			);
			name = Products;
			sourceTree = "<group>";
		};
		C14DEDFF23F4FD96008204AA /* WeatherRxSwiftProject */ = {
			isa = PBXGroup;
			children = (
				C14DEE0023F4FD96008204AA /* AppDelegate.swift */,
				C14DEE0223F4FD96008204AA /* SceneDelegate.swift */,
				C14DEE0423F4FD96008204AA /* ViewController.swift */,
				C14DEE0623F4FD96008204AA /* Main.storyboard */,
				C14DEE0923F4FD99008204AA /* Assets.xcassets */,
				C14DEE0B23F4FD99008204AA /* LaunchScreen.storyboard */,
				C14DEE0E23F4FD99008204AA /* Info.plist */,
			);
			path = WeatherRxSwiftProject;
			sourceTree = "<group>";
		};
/* End PBXGroup section */

/* Begin PBXNativeTarget section */
		C14DEDFC23F4FD96008204AA /* WeatherRxSwiftProject */ = {
			isa = PBXNativeTarget;
			buildConfigurationList = C14DEE1123F4FD99008204AA /* Build configuration list for PBXNativeTarget "WeatherRxSwiftProject" */;
			buildPhases = (
				C14DEDF923F4FD96008204AA /* Sources */,
				C14DEDFA23F4FD96008204AA /* Frameworks */,
				C14DEDFB23F4FD96008204AA /* Resources */,
			);
			buildRules = (
			);
			dependencies = (
			);
			name = WeatherRxSwiftProject;
			productName = WeatherRxSwiftProject;
			productReference = C14DEDFD23F4FD96008204AA /* WeatherRxSwiftProject.app */;
			productType = "com.apple.product-type.application";
		};
/* End PBXNativeTarget section */

/* Begin PBXProject section */
		C14DEDF523F4FD96008204AA /* Project object */ = {
			isa = PBXProject;
			attributes = {
				LastSwiftUpdateCheck = 1130;
				LastUpgradeCheck = 1130;
				ORGANIZATIONNAME = "Philip Twal";
				TargetAttributes = {
					C14DEDFC23F4FD96008204AA = {
						CreatedOnToolsVersion = 11.3.1;
					};
				};
			};
			buildConfigurationList = C14DEDF823F4FD96008204AA /* Build configuration list for PBXProject "WeatherRxSwiftProject" */;
			compatibilityVersion = "Xcode 9.3";
			developmentRegion = en;
			hasScannedForEncodings = 0;
			knownRegions = (
				en,
				Base,
			);
			mainGroup = C14DEDF423F4FD96008204AA;
			productRefGroup = C14DEDFE23F4FD96008204AA /* Products */;
			projectDirPath = "";
			projectRoot = "";
			targets = (
				C14DEDFC23F4FD96008204AA /* WeatherRxSwiftProject */,
			);
		};
/* End PBXProject section */

/* Begin PBXResourcesBuildPhase section */
		C14DEDFB23F4FD96008204AA /* Resources */ = {
			isa = PBXResourcesBuildPhase;
			buildActionMask = 2147483647;
			files = (
				C14DEE0D23F4FD99008204AA /* LaunchScreen.storyboard in Resources */,
				C14DEE0A23F4FD99008204AA /* Assets.xcassets in Resources */,
				C14DEE0823F4FD96008204AA /* Main.storyboard in Resources */,
			);
			runOnlyForDeploymentPostprocessing = 0;
		};
/* End PBXResourcesBuildPhase section */

/* Begin PBXSourcesBuildPhase section */
		C14DEDF923F4FD96008204AA /* Sources */ = {
			isa = PBXSourcesBuildPhase;
			buildActionMask = 2147483647;
			files = (
				C14DEE0523F4FD96008204AA /* ViewController.swift in Sources */,
				C14DEE0123F4FD96008204AA /* AppDelegate.swift in Sources */,
				C14DEE0323F4FD96008204AA /* SceneDelegate.swift in Sources */,
			);
			runOnlyForDeploymentPostprocessing = 0;
		};
/* End PBXSourcesBuildPhase section */

/* Begin PBXVariantGroup section */
		C14DEE0623F4FD96008204AA /* Main.storyboard */ = {
			isa = PBXVariantGroup;
			children = (
				C14DEE0723F4FD96008204AA /* Base */,
			);
			name = Main.storyboard;
			sourceTree = "<group>";
		};
		C14DEE0B23F4FD99008204AA /* LaunchScreen.storyboard */ = {
			isa = PBXVariantGroup;
			children = (
				C14DEE0C23F4FD99008204AA /* Base */,
			);
			name = LaunchScreen.storyboard;
			sourceTree = "<group>";
		};
/* End PBXVariantGroup section */

/* Begin XCBuildConfiguration section */
		C14DEE0F23F4FD99008204AA /* Debug */ = {
			isa = XCBuildConfiguration;
			buildSettings = {
				ALWAYS_SEARCH_USER_PATHS = NO;
				CLANG_ANALYZER_NONNULL = YES;
				CLANG_ANALYZER_NUMBER_OBJECT_CONVERSION = YES_AGGRESSIVE;
				CLANG_CXX_LANGUAGE_STANDARD = "gnu++14";
				CLANG_CXX_LIBRARY = "libc++";
				CLANG_ENABLE_MODULES = YES;
				CLANG_ENABLE_OBJC_ARC = YES;
				CLANG_ENABLE_OBJC_WEAK = YES;
				CLANG_WARN_BLOCK_CAPTURE_AUTORELEASING = YES;
				CLANG_WARN_BOOL_CONVERSION = YES;
				CLANG_WARN_COMMA = YES;
				CLANG_WARN_CONSTANT_CONVERSION = YES;
				CLANG_WARN_DEPRECATED_OBJC_IMPLEMENTATIONS = YES;
				CLANG_WARN_DIRECT_OBJC_ISA_USAGE = YES_ERROR;
				CLANG_WARN_DOCUMENTATION_COMMENTS = YES;
				CLANG_WARN_EMPTY_BODY = YES;
				CLANG_WARN_ENUM_CONVERSION = YES;
				CLANG_WARN_INFINITE_RECURSION = YES;
				CLANG_WARN_INT_CONVERSION = YES;
				CLANG_WARN_NON_LITERAL_NULL_CONVERSION = YES;
				CLANG_WARN_OBJC_IMPLICIT_RETAIN_SELF = YES;
				CLANG_WARN_OBJC_LITERAL_CONVERSION = YES;
				CLANG_WARN_OBJC_ROOT_CLASS = YES_ERROR;
				CLANG_WARN_RANGE_LOOP_ANALYSIS = YES;
				CLANG_WARN_STRICT_PROTOTYPES = YES;
				CLANG_WARN_SUSPICIOUS_MOVE = YES;
				CLANG_WARN_UNGUARDED_AVAILABILITY = YES_AGGRESSIVE;
				CLANG_WARN_UNREACHABLE_CODE = YES;
				CLANG_WARN__DUPLICATE_METHOD_MATCH = YES;
				COPY_PHASE_STRIP = NO;
				DEBUG_INFORMATION_FORMAT = dwarf;
				ENABLE_STRICT_OBJC_MSGSEND = YES;
				ENABLE_TESTABILITY = YES;
				GCC_C_LANGUAGE_STANDARD = gnu11;
				GCC_DYNAMIC_NO_PIC = NO;
				GCC_NO_COMMON_BLOCKS = YES;
				GCC_OPTIMIZATION_LEVEL = 0;
				GCC_PREPROCESSOR_DEFINITIONS = (
					"DEBUG=1",
					"$(inherited)",
				);
				GCC_WARN_64_TO_32_BIT_CONVERSION = YES;
				GCC_WARN_ABOUT_RETURN_TYPE = YES_ERROR;
				GCC_WARN_UNDECLARED_SELECTOR = YES;
				GCC_WARN_UNINITIALIZED_AUTOS = YES_AGGRESSIVE;
				GCC_WARN_UNUSED_FUNCTION = YES;
				GCC_WARN_UNUSED_VARIABLE = YES;
				IPHONEOS_DEPLOYMENT_TARGET = 13.2;
				MTL_ENABLE_DEBUG_INFO = INCLUDE_SOURCE;
				MTL_FAST_MATH = YES;
				ONLY_ACTIVE_ARCH = YES;
				SDKROOT = iphoneos;
				SWIFT_ACTIVE_COMPILATION_CONDITIONS = DEBUG;
				SWIFT_OPTIMIZATION_LEVEL = "-Onone";
			};
			name = Debug;
		};
		C14DEE1023F4FD99008204AA /* Release */ = {
			isa = XCBuildConfiguration;
			buildSettings = {
				ALWAYS_SEARCH_USER_PATHS = NO;
				CLANG_ANALYZER_NONNULL = YES;
				CLANG_ANALYZER_NUMBER_OBJECT_CONVERSION = YES_AGGRESSIVE;
				CLANG_CXX_LANGUAGE_STANDARD = "gnu++14";
				CLANG_CXX_LIBRARY = "libc++";
				CLANG_ENABLE_MODULES = YES;
				CLANG_ENABLE_OBJC_ARC = YES;
				CLANG_ENABLE_OBJC_WEAK = YES;
				CLANG_WARN_BLOCK_CAPTURE_AUTORELEASING = YES;
				CLANG_WARN_BOOL_CONVERSION = YES;
				CLANG_WARN_COMMA = YES;
				CLANG_WARN_CONSTANT_CONVERSION = YES;
				CLANG_WARN_DEPRECATED_OBJC_IMPLEMENTATIONS = YES;
				CLANG_WARN_DIRECT_OBJC_ISA_USAGE = YES_ERROR;
				CLANG_WARN_DOCUMENTATION_COMMENTS = YES;
				CLANG_WARN_EMPTY_BODY = YES;
				CLANG_WARN_ENUM_CONVERSION = YES;
				CLANG_WARN_INFINITE_RECURSION = YES;
				CLANG_WARN_INT_CONVERSION = YES;
				CLANG_WARN_NON_LITERAL_NULL_CONVERSION = YES;
				CLANG_WARN_OBJC_IMPLICIT_RETAIN_SELF = YES;
				CLANG_WARN_OBJC_LITERAL_CONVERSION = YES;
				CLANG_WARN_OBJC_ROOT_CLASS = YES_ERROR;
				CLANG_WARN_RANGE_LOOP_ANALYSIS = YES;
				CLANG_WARN_STRICT_PROTOTYPES = YES;
				CLANG_WARN_SUSPICIOUS_MOVE = YES;
				CLANG_WARN_UNGUARDED_AVAILABILITY = YES_AGGRESSIVE;
				CLANG_WARN_UNREACHABLE_CODE = YES;
				CLANG_WARN__DUPLICATE_METHOD_MATCH = YES;
				COPY_PHASE_STRIP = NO;
				DEBUG_INFORMATION_FORMAT = "dwarf-with-dsym";
				ENABLE_NS_ASSERTIONS = NO;
				ENABLE_STRICT_OBJC_MSGSEND = YES;
				GCC_C_LANGUAGE_STANDARD = gnu11;
				GCC_NO_COMMON_BLOCKS = YES;
				GCC_WARN_64_TO_32_BIT_CONVERSION = YES;
				GCC_WARN_ABOUT_RETURN_TYPE = YES_ERROR;
				GCC_WARN_UNDECLARED_SELECTOR = YES;
				GCC_WARN_UNINITIALIZED_AUTOS = YES_AGGRESSIVE;
				GCC_WARN_UNUSED_FUNCTION = YES;
				GCC_WARN_UNUSED_VARIABLE = YES;
				IPHONEOS_DEPLOYMENT_TARGET = 13.2;
				MTL_ENABLE_DEBUG_INFO = NO;
				MTL_FAST_MATH = YES;
				SDKROOT = iphoneos;
				SWIFT_COMPILATION_MODE = wholemodule;
				SWIFT_OPTIMIZATION_LEVEL = "-O";
				VALIDATE_PRODUCT = YES;
			};
			name = Release;
		};
		C14DEE1223F4FD99008204AA /* Debug */ = {
			isa = XCBuildConfiguration;
			buildSettings = {
				ASSETCATALOG_COMPILER_APPICON_NAME = AppIcon;
				CODE_SIGN_STYLE = Automatic;
				INFOPLIST_FILE = WeatherRxSwiftProject/Info.plist;
				LD_RUNPATH_SEARCH_PATHS = (
					"$(inherited)",
					"@executable_path/Frameworks",
				);
				PRODUCT_BUNDLE_IDENTIFIER = com.philiptwal.WeatherRxSwiftProject;
				PRODUCT_NAME = "$(TARGET_NAME)";
				SWIFT_VERSION = 5.0;
				TARGETED_DEVICE_FAMILY = "1,2";
			};
			name = Debug;
		};
		C14DEE1323F4FD99008204AA /* Release */ = {
			isa = XCBuildConfiguration;
			buildSettings = {
				ASSETCATALOG_COMPILER_APPICON_NAME = AppIcon;
				CODE_SIGN_STYLE = Automatic;
				INFOPLIST_FILE = WeatherRxSwiftProject/Info.plist;
				LD_RUNPATH_SEARCH_PATHS = (
					"$(inherited)",
					"@executable_path/Frameworks",
				);
				PRODUCT_BUNDLE_IDENTIFIER = com.philiptwal.WeatherRxSwiftProject;
				PRODUCT_NAME = "$(TARGET_NAME)";
				SWIFT_VERSION = 5.0;
				TARGETED_DEVICE_FAMILY = "1,2";
			};
			name = Release;
		};
/* End XCBuildConfiguration section */

/* Begin XCConfigurationList section */
		C14DEDF823F4FD96008204AA /* Build configuration list for PBXProject "WeatherRxSwiftProject" */ = {
			isa = XCConfigurationList;
			buildConfigurations = (
				C14DEE0F23F4FD99008204AA /* Debug */,
				C14DEE1023F4FD99008204AA /* Release */,
			);
			defaultConfigurationIsVisible = 0;
			defaultConfigurationName = Release;
		};
		C14DEE1123F4FD99008204AA /* Build configuration list for PBXNativeTarget "WeatherRxSwiftProject" */ = {
			isa = XCConfigurationList;
			buildConfigurations = (
				C14DEE1223F4FD99008204AA /* Debug */,
				C14DEE1323F4FD99008204AA /* Release */,
			);
			defaultConfigurationIsVisible = 0;
			defaultConfigurationName = Release;
		};
/* End XCConfigurationList section */
	};
	rootObject = C14DEDF523F4FD96008204AA /* Project object */;
}
